
Microsoft Visual Studio Solution File, Format Version 12.00
# Visual Studio Version 17
VisualStudioVersion = 17.9.34622.214
MinimumVisualStudioVersion = 10.0.40219.1
Project("{FAE04EC0-301F-11D3-BF4B-00C04F79EFBC}") = "GUI", "GUI\GUI.csproj", "{2AB470D1-1196-4166-B583-27F3924256D3}"
EndProject
Project("{FAE04EC0-301F-11D3-BF4B-00C04F79EFBC}") = "BLL", "BLL\BLL.csproj", "{6BF76F76-BAAE-40EC-9157-ADD9EF879843}"
EndProject
Project("{FAE04EC0-301F-11D3-BF4B-00C04F79EFBC}") = "DAL", "DAL\DAL.csproj", "{8C62A4A4-46A6-42DF-8277-6C4B39AF463F}"
EndProject
Project("{FAE04EC0-301F-11D3-BF4B-00C04F79EFBC}") = "DTO", "DTO\DTO.csproj", "{C96EB322-B22F-4469-818C-304956D1F6C3}"
EndProject
Global
	GlobalSection(SolutionConfigurationPlatforms) = preSolution
		Debug|Any CPU = Debug|Any CPU
		Release|Any CPU = Release|Any CPU
	EndGlobalSection
	GlobalSection(ProjectConfigurationPlatforms) = postSolution
		{2AB470D1-1196-4166-B583-27F3924256D3}.Debug|Any CPU.ActiveCfg = Debug|Any CPU
		{2AB470D1-1196-4166-B583-27F3924256D3}.Debug|Any CPU.Build.0 = Debug|Any CPU
		{2AB470D1-1196-4166-B583-27F3924256D3}.Release|Any CPU.ActiveCfg = Release|Any CPU
		{2AB470D1-1196-4166-B583-27F3924256D3}.Release|Any CPU.Build.0 = Release|Any CPU
		{6BF76F76-BAAE-40EC-9157-ADD9EF879843}.Debug|Any CPU.ActiveCfg = Debug|Any CPU
		{6BF76F76-BAAE-40EC-9157-ADD9EF879843}.Debug|Any CPU.Build.0 = Debug|Any CPU
		{6BF76F76-BAAE-40EC-9157-ADD9EF879843}.Release|Any CPU.ActiveCfg = Release|Any CPU
		{6BF76F76-BAAE-40EC-9157-ADD9EF879843}.Release|Any CPU.Build.0 = Release|Any CPU
		{8C62A4A4-46A6-42DF-8277-6C4B39AF463F}.Debug|Any CPU.ActiveCfg = Debug|Any CPU
		{8C62A4A4-46A6-42DF-8277-6C4B39AF463F}.Debug|Any CPU.Build.0 = Debug|Any CPU
		{8C62A4A4-46A6-42DF-8277-6C4B39AF463F}.Release|Any CPU.ActiveCfg = Release|Any CPU
		{8C62A4A4-46A6-42DF-8277-6C4B39AF463F}.Release|Any CPU.Build.0 = Release|Any CPU
		{C96EB322-B22F-4469-818C-304956D1F6C3}.Debug|Any CPU.ActiveCfg = Debug|Any CPU
		{C96EB322-B22F-4469-818C-304956D1F6C3}.Debug|Any CPU.Build.0 = Debug|Any CPU
		{C96EB322-B22F-4469-818C-304956D1F6C3}.Release|Any CPU.ActiveCfg = Release|Any CPU
		{C96EB322-B22F-4469-818C-304956D1F6C3}.Release|Any CPU.Build.0 = Release|Any CPU
	EndGlobalSection
	GlobalSection(SolutionProperties) = preSolution
		HideSolutionNode = FALSE
	EndGlobalSection
	GlobalSection(ExtensibilityGlobals) = postSolution
		SolutionGuid = {CB2A8097-E0CA-4400-AF67-767A0674D918}
	EndGlobalSection
EndGlobal
